# This is a Gradle generated file for dependency locking.
# Manual edits can break the build and are not advised.
# This file is expected to be part of source control.
com.beust:jcommander:1.48=pmd
com.github.spotbugs:spotbugs-annotations:4.8.0=compileClasspath,mainPmdAuxClasspath,spotbugs
com.github.spotbugs:spotbugs:4.8.0=spotbugs
com.github.stefanbirkner:system-lambda:1.2.1=integrationTestCompileClasspath,integrationTestPmdAuxClasspath,integrationTestRuntimeClasspath,testCompileClasspath,testPmdAuxClasspath,testRuntimeClasspath,tmpTestImplementation
com.github.stephenc.jcip:jcip-annotations:1.0-1=spotbugs
com.google.android:annotations:4.1.1.4=sigstoreClientClasspath
com.google.api.grpc:proto-google-common-protos:2.22.0=sigstoreClientClasspath
com.google.code.findbugs:findbugs-annotations:3.0.1=compileClasspath,mainPmdAuxClasspath,testCompileClasspath,testPmdAuxClasspath
com.google.code.findbugs:jsr305:3.0.2=checkstyle,compileClasspath,mainPmdAuxClasspath,sigstoreClientClasspath,spotbugs
com.google.code.gson:gson:2.10.1=sigstoreClientClasspath,spotbugs
com.google.code.gson:gson:2.8.9=pmd
com.google.collections:google-collections:1.0=checkstyle
com.google.errorprone:error_prone_annotations:2.18.0=checkstyle
com.google.errorprone:error_prone_annotations:2.20.0=sigstoreClientClasspath
com.google.guava:failureaccess:1.0.1=checkstyle,sigstoreClientClasspath
com.google.guava:guava:32.0.1-jre=checkstyle,sigstoreClientClasspath
com.google.guava:listenablefuture:9999.0-empty-to-avoid-conflict-with-guava=checkstyle,sigstoreClientClasspath
com.google.http-client:google-http-client-apache-v2:1.43.3=sigstoreClientClasspath
com.google.http-client:google-http-client-bom:1.43.3=sigstoreClientClasspath
com.google.http-client:google-http-client-gson:1.43.3=sigstoreClientClasspath
com.google.http-client:google-http-client:1.43.3=sigstoreClientClasspath
com.google.j2objc:j2objc-annotations:2.8=checkstyle,sigstoreClientClasspath
com.google.oauth-client:google-oauth-client-bom:1.34.1=sigstoreClientClasspath
com.google.oauth-client:google-oauth-client-java6:1.34.1=sigstoreClientClasspath
com.google.oauth-client:google-oauth-client-jetty:1.34.1=sigstoreClientClasspath
com.google.oauth-client:google-oauth-client:1.34.1=sigstoreClientClasspath
com.google.protobuf:protobuf-bom:3.24.4=sigstoreClientClasspath
com.google.protobuf:protobuf-java-util:3.24.4=sigstoreClientClasspath
com.google.protobuf:protobuf-java:3.24.4=sigstoreClientClasspath
com.h3xstream.findsecbugs:findsecbugs-plugin:1.12.0=spotbugsPlugins
com.puppycrawl.tools:checkstyle:10.12.4=checkstyle
commons-beanutils:commons-beanutils:1.9.4=checkstyle
commons-codec:commons-codec:1.15=checkstyle,spotbugs
commons-codec:commons-codec:1.16.0=sigstoreClientClasspath
commons-collections:commons-collections:3.2.2=checkstyle
commons-logging:commons-logging:1.2=sigstoreClientClasspath
dev.sigstore:protobuf-specs:0.2.1=sigstoreClientClasspath
dev.sigstore:sigstore-java:0.6.0=sigstoreClientClasspath
info.picocli:picocli:4.7.5=checkstyle
io.github.erdtman:java-json-canonicalization:1.1=sigstoreClientClasspath
io.grpc:grpc-api:1.59.0=sigstoreClientClasspath
io.grpc:grpc-bom:1.59.0=sigstoreClientClasspath
io.grpc:grpc-context:1.59.0=sigstoreClientClasspath
io.grpc:grpc-core:1.59.0=sigstoreClientClasspath
io.grpc:grpc-netty-shaded:1.59.0=sigstoreClientClasspath
io.grpc:grpc-protobuf-lite:1.59.0=sigstoreClientClasspath
io.grpc:grpc-protobuf:1.59.0=sigstoreClientClasspath
io.grpc:grpc-stub:1.59.0=sigstoreClientClasspath
io.grpc:grpc-util:1.59.0=sigstoreClientClasspath
io.opencensus:opencensus-api:0.31.1=sigstoreClientClasspath
io.opencensus:opencensus-contrib-http-util:0.31.1=sigstoreClientClasspath
io.perfmark:perfmark-api:0.26.0=sigstoreClientClasspath
jakarta.annotation:jakarta.annotation-api:2.1.1=compileClasspath,integrationTestCompileClasspath,integrationTestPmdAuxClasspath,integrationTestRuntimeClasspath,mainPmdAuxClasspath,runtimeClasspath,testCompileClasspath,testPmdAuxClasspath,testRuntimeClasspath
jaxen:jaxen:2.0.0=spotbugs
net.bytebuddy:byte-buddy-agent:1.14.10=integrationTestCompileClasspath,integrationTestPmdAuxClasspath,integrationTestRuntimeClasspath,testCompileClasspath,testPmdAuxClasspath,testRuntimeClasspath,tmpTestImplementation
net.bytebuddy:byte-buddy:1.14.11=integrationTestCompileClasspath,integrationTestPmdAuxClasspath,integrationTestRuntimeClasspath,testCompileClasspath,testPmdAuxClasspath,testRuntimeClasspath,tmpTestImplementation
net.sf.saxon:Saxon-HE:12.3=checkstyle,spotbugs
net.sourceforge.pmd:pmd-core:6.55.0=pmd
net.sourceforge.pmd:pmd-java:6.55.0=pmd
net.sourceforge.saxon:saxon:9.1.0.8=pmd
org.antlr:antlr4-runtime:4.13.1=checkstyle
org.antlr:antlr4-runtime:4.7.2=pmd
org.apache.bcel:bcel:6.8.0=spotbugs
org.apache.commons:commons-lang3:3.12.0=pitest
org.apache.commons:commons-lang3:3.14.0=spotbugs
org.apache.commons:commons-lang3:3.8.1=checkstyle,pmd
org.apache.commons:commons-text:1.10.0=pitest,spotbugs
org.apache.commons:commons-text:1.3=checkstyle
org.apache.httpcomponents.client5:httpclient5:5.1.3=checkstyle,spotbugs
org.apache.httpcomponents.core5:httpcore5-h2:5.1.3=checkstyle,spotbugs
org.apache.httpcomponents.core5:httpcore5:5.1.3=checkstyle,spotbugs
org.apache.httpcomponents:httpclient:4.5.13=checkstyle
org.apache.httpcomponents:httpclient:4.5.14=sigstoreClientClasspath
org.apache.httpcomponents:httpcore:4.4.14=checkstyle
org.apache.httpcomponents:httpcore:4.4.16=sigstoreClientClasspath
org.apache.logging.log4j:log4j-api:2.20.0=spotbugs
org.apache.logging.log4j:log4j-core:2.20.0=spotbugs
org.apache.maven.doxia:doxia-core:1.12.0=checkstyle
org.apache.maven.doxia:doxia-logging-api:1.12.0=checkstyle
org.apache.maven.doxia:doxia-module-xdoc:1.12.0=checkstyle
org.apache.maven.doxia:doxia-sink-api:1.12.0=checkstyle
org.apache.xbean:xbean-reflect:3.7=checkstyle
org.apiguardian:apiguardian-api:1.1.2=integrationTestCompileClasspath,testCompileClasspath
org.assertj:assertj-core:3.25.1=integrationTestCompileClasspath,integrationTestPmdAuxClasspath,integrationTestRuntimeClasspath,testCompileClasspath,testPmdAuxClasspath,testRuntimeClasspath,tmpTestImplementation
org.bouncycastle:bcpkix-jdk18on:1.76=sigstoreClientClasspath
org.bouncycastle:bcprov-jdk18on:1.76=sigstoreClientClasspath
org.bouncycastle:bcutil-jdk18on:1.76=sigstoreClientClasspath
org.checkerframework:checker-qual:3.27.0=checkstyle
org.checkerframework:checker-qual:3.33.0=sigstoreClientClasspath
org.codehaus.mojo:animal-sniffer-annotations:1.23=sigstoreClientClasspath
org.codehaus.plexus:plexus-classworlds:2.6.0=checkstyle
org.codehaus.plexus:plexus-component-annotations:2.1.0=checkstyle
org.codehaus.plexus:plexus-container-default:2.1.0=checkstyle
org.codehaus.plexus:plexus-utils:3.3.0=checkstyle
org.dom4j:dom4j:2.1.4=spotbugs
org.gaul:modernizer-maven-annotations:2.7.0=compileClasspath,mainPmdAuxClasspath,modernizer
org.gaul:modernizer-maven-plugin:2.7.0=modernizer
org.jacoco:org.jacoco.agent:0.8.11=jacocoAgent,jacocoAnt
org.jacoco:org.jacoco.ant:0.8.11=jacocoAnt
org.jacoco:org.jacoco.core:0.8.11=jacocoAnt
org.jacoco:org.jacoco.report:0.8.11=jacocoAnt
org.javassist:javassist:3.28.0-GA=checkstyle
org.junit.jupiter:junit-jupiter-api:5.10.1=integrationTestCompileClasspath,integrationTestPmdAuxClasspath,integrationTestRuntimeClasspath,testCompileClasspath,testPmdAuxClasspath,testRuntimeClasspath,tmpTestImplementation
org.junit.jupiter:junit-jupiter-engine:5.10.1=integrationTestPmdAuxClasspath,integrationTestRuntimeClasspath,testPmdAuxClasspath,testRuntimeClasspath,tmpTestImplementation
org.junit.jupiter:junit-jupiter-params:5.10.1=integrationTestCompileClasspath,integrationTestPmdAuxClasspath,integrationTestRuntimeClasspath,testCompileClasspath,testPmdAuxClasspath,testRuntimeClasspath,tmpTestImplementation
org.junit.jupiter:junit-jupiter:5.10.1=integrationTestCompileClasspath,integrationTestPmdAuxClasspath,integrationTestRuntimeClasspath,testCompileClasspath,testPmdAuxClasspath,testRuntimeClasspath,tmpTestImplementation
org.junit.platform:junit-platform-commons:1.10.1=integrationTestCompileClasspath,integrationTestPmdAuxClasspath,integrationTestRuntimeClasspath,testCompileClasspath,testPmdAuxClasspath,testRuntimeClasspath,tmpTestImplementation
org.junit.platform:junit-platform-commons:1.9.2=pitest
org.junit.platform:junit-platform-engine:1.10.1=integrationTestPmdAuxClasspath,integrationTestRuntimeClasspath,testPmdAuxClasspath,testRuntimeClasspath,tmpTestImplementation
org.junit.platform:junit-platform-engine:1.9.2=pitest
org.junit.platform:junit-platform-launcher:1.10.1=integrationTestRuntimeClasspath,testRuntimeClasspath
org.junit.platform:junit-platform-launcher:1.9.2=pitest
org.junit:junit-bom:5.10.1=integrationTestCompileClasspath,integrationTestPmdAuxClasspath,integrationTestRuntimeClasspath,testCompileClasspath,testPmdAuxClasspath,testRuntimeClasspath,tmpTestImplementation
org.junit:junit-bom:5.9.2=pitest
org.mockito:mockito-core:5.8.0=integrationTestCompileClasspath,integrationTestPmdAuxClasspath,integrationTestRuntimeClasspath,testCompileClasspath,testPmdAuxClasspath,testRuntimeClasspath,tmpTestImplementation
org.objenesis:objenesis:3.3=integrationTestPmdAuxClasspath,integrationTestRuntimeClasspath,testPmdAuxClasspath,testRuntimeClasspath,tmpTestImplementation
org.opentest4j:opentest4j:1.2.0=pitest
org.opentest4j:opentest4j:1.3.0=integrationTestCompileClasspath,integrationTestPmdAuxClasspath,integrationTestRuntimeClasspath,testCompileClasspath,testPmdAuxClasspath,testRuntimeClasspath,tmpTestImplementation
org.ow2.asm:asm-analysis:9.6=spotbugs
org.ow2.asm:asm-commons:9.5=modernizer
org.ow2.asm:asm-commons:9.6=jacocoAnt,spotbugs
org.ow2.asm:asm-tree:9.5=modernizer
org.ow2.asm:asm-tree:9.6=jacocoAnt,spotbugs
org.ow2.asm:asm-util:9.6=spotbugs
org.ow2.asm:asm:9.4=pmd
org.ow2.asm:asm:9.5=modernizer
org.ow2.asm:asm:9.6=jacocoAnt,spotbugs
org.pitest:pitest-command-line:1.15.3=pitest
org.pitest:pitest-entry:1.15.3=pitest
org.pitest:pitest-junit5-plugin:1.2.1=pitest
org.pitest:pitest:1.15.3=pitest
org.projectlombok:lombok:1.18.30=annotationProcessor,compileClasspath,mainPmdAuxClasspath,testAnnotationProcessor,testCompileClasspath,testPmdAuxClasspath
org.reflections:reflections:0.10.2=checkstyle
org.slf4j:slf4j-api:2.0.0=spotbugsSlf4j
org.slf4j:slf4j-api:2.0.9=spotbugs
org.slf4j:slf4j-simple:2.0.0=spotbugsSlf4j
org.xmlresolver:xmlresolver:5.2.0=checkstyle,spotbugs
empty=integrationTestAnnotationProcessor
